{
  "name": "tw-markdown-more",
  "version": "1.0.0",
  "lockfileVersion": 3,
  "requires": true,
  "packages": {
    "": {
      "name": "tw-markdown-more",
      "version": "1.0.0",
      "license": "MIT",
      "dependencies": {
        "tiddlywiki": ">=5.2.6"
      }
    },
    "node_modules/tiddlywiki": {
      "version": "5.2.7",
      "resolved": "https://registry.npmjs.org/tiddlywiki/-/tiddlywiki-5.2.7.tgz",
      "integrity": "sha512-7Hi8IF/6iIdTWpX6tJ955isy6n0JShCh1fu27SX9jSa0JuP3JUg40Hgb9g/iNV5oK5dxstFZImjAeVaXOPSdiw==",
      "bin": {
        "tiddlywiki": "tiddlywiki.js"
      },
      "engines": {
        "node": ">=0.8.2"
      }
    }
  }
}
