{
  "name": "tw-markdown-more",
  "version": "1.0.0",
  "lockfileVersion": 3,
  "requires": true,
  "packages": {
    "": {
      "name": "tw-markdown-more",
      "version": "1.0.0",
      "license": "MIT",
      "dependencies": {
        "tiddlywiki": ">=5.3.8"
      }
    },
    "node_modules/tiddlywiki": {
      "version": "5.4.1",
      "resolved": "https://registry.npmjs.org/tiddlywiki/-/tiddlywiki-5.4.1.tgz",
      "integrity": "sha512-5Pnk7j8cUMoQHD0CarOWd4ixITURsN4DJxLfg8AGYSMiQoOHH6bp8JDCAgSdvZHRCQmvXtbm5FRxBFBT6WG24A==",
      "license": "BSD",
      "bin": {
        "tiddlywiki": "tiddlywiki.js"
      },
      "engines": {
        "node": ">=20.0.0"
      }
    }
  }
}
